
Microsoft Visual Studio Solution File, Format Version 12.00
# Visual Studio Version 17
VisualStudioVersion = 17.4.33403.182
MinimumVisualStudioVersion = 10.0.40219.1
Project("{FAE04EC0-301F-11D3-BF4B-00C04F79EFBC}") = "Recipe.Api", "Recipe.Api.csproj", "{7771DBAF-6A5A-4DDD-B05F-48F09A5308AB}"
EndProject
Project("{FAE04EC0-301F-11D3-BF4B-00C04F79EFBC}") = "Recipe.Domain", "..\Recipe.Domain\Recipe.Domain.csproj", "{6E3A05A8-D763-4999-ADDA-DC95CA9B407B}"
EndProject
Project("{FAE04EC0-301F-11D3-BF4B-00C04F79EFBC}") = "Recipe.Infrastructure", "..\Recipe.Infrastructure\Recipe.Infrastructure.csproj", "{9EC80648-6C4A-4133-AFF7-521EB99865D4}"
EndProject
Project("{FAE04EC0-301F-11D3-BF4B-00C04F79EFBC}") = "Recipe.Application", "..\Recipe.Application\Recipe.Application.csproj", "{911DBB86-D4DC-4C4E-B20B-6BDDEC87D394}"
EndProject
Global
	GlobalSection(SolutionConfigurationPlatforms) = preSolution
		Debug|Any CPU = Debug|Any CPU
		Release|Any CPU = Release|Any CPU
	EndGlobalSection
	GlobalSection(ProjectConfigurationPlatforms) = postSolution
		{7771DBAF-6A5A-4DDD-B05F-48F09A5308AB}.Debug|Any CPU.ActiveCfg = Debug|Any CPU
		{7771DBAF-6A5A-4DDD-B05F-48F09A5308AB}.Debug|Any CPU.Build.0 = Debug|Any CPU
		{7771DBAF-6A5A-4DDD-B05F-48F09A5308AB}.Release|Any CPU.ActiveCfg = Release|Any CPU
		{7771DBAF-6A5A-4DDD-B05F-48F09A5308AB}.Release|Any CPU.Build.0 = Release|Any CPU
		{6E3A05A8-D763-4999-ADDA-DC95CA9B407B}.Debug|Any CPU.ActiveCfg = Debug|Any CPU
		{6E3A05A8-D763-4999-ADDA-DC95CA9B407B}.Debug|Any CPU.Build.0 = Debug|Any CPU
		{6E3A05A8-D763-4999-ADDA-DC95CA9B407B}.Release|Any CPU.ActiveCfg = Release|Any CPU
		{6E3A05A8-D763-4999-ADDA-DC95CA9B407B}.Release|Any CPU.Build.0 = Release|Any CPU
		{9EC80648-6C4A-4133-AFF7-521EB99865D4}.Debug|Any CPU.ActiveCfg = Debug|Any CPU
		{9EC80648-6C4A-4133-AFF7-521EB99865D4}.Debug|Any CPU.Build.0 = Debug|Any CPU
		{9EC80648-6C4A-4133-AFF7-521EB99865D4}.Release|Any CPU.ActiveCfg = Release|Any CPU
		{9EC80648-6C4A-4133-AFF7-521EB99865D4}.Release|Any CPU.Build.0 = Release|Any CPU
		{911DBB86-D4DC-4C4E-B20B-6BDDEC87D394}.Debug|Any CPU.ActiveCfg = Debug|Any CPU
		{911DBB86-D4DC-4C4E-B20B-6BDDEC87D394}.Debug|Any CPU.Build.0 = Debug|Any CPU
		{911DBB86-D4DC-4C4E-B20B-6BDDEC87D394}.Release|Any CPU.ActiveCfg = Release|Any CPU
		{911DBB86-D4DC-4C4E-B20B-6BDDEC87D394}.Release|Any CPU.Build.0 = Release|Any CPU
	EndGlobalSection
	GlobalSection(SolutionProperties) = preSolution
		HideSolutionNode = FALSE
	EndGlobalSection
	GlobalSection(ExtensibilityGlobals) = postSolution
		SolutionGuid = {151220FC-12D2-4086-B7D1-8493537C7648}
	EndGlobalSection
EndGlobal
